
Microsoft Visual Studio Solution File, Format Version 12.00
# Visual Studio Version 17
VisualStudioVersion = 17.14.36623.8 d17.14
MinimumVisualStudioVersion = 10.0.40219.1
Project("{FAE04EC0-301F-11D3-BF4B-00C04F79EFBC}") = "LogFileReaderWEB", "LogFileReaderWEB\LogFileReaderWEB.csproj", "{053F984C-CBDA-4588-88D5-71EBC830C84F}"
EndProject
Global
	GlobalSection(SolutionConfigurationPlatforms) = preSolution
		Debug|Any CPU = Debug|Any CPU
		Release|Any CPU = Release|Any CPU
	EndGlobalSection
	GlobalSection(ProjectConfigurationPlatforms) = postSolution
		{053F984C-CBDA-4588-88D5-71EBC830C84F}.Debug|Any CPU.ActiveCfg = Debug|Any CPU
		{053F984C-CBDA-4588-88D5-71EBC830C84F}.Debug|Any CPU.Build.0 = Debug|Any CPU
		{053F984C-CBDA-4588-88D5-71EBC830C84F}.Release|Any CPU.ActiveCfg = Release|Any CPU
		{053F984C-CBDA-4588-88D5-71EBC830C84F}.Release|Any CPU.Build.0 = Release|Any CPU
	EndGlobalSection
	GlobalSection(SolutionProperties) = preSolution
		HideSolutionNode = FALSE
	EndGlobalSection
	GlobalSection(ExtensibilityGlobals) = postSolution
		SolutionGuid = {0BBB88F8-57FB-4A01-A22B-841824EB223B}
	EndGlobalSection
EndGlobal
